
Microsoft Visual Studio Solution File, Format Version 12.00
# Visual Studio 15
VisualStudioVersion = 15.0.28307.2017
MinimumVisualStudioVersion = 10.0.40219.1
Project("{FAE04EC0-301F-11D3-BF4B-00C04F79EFBC}") = "Zadatak", "Zadatak\Zadatak.csproj", "{A474C59A-60ED-4461-898E-2BB5CA6B3B1C}"
EndProject
Global
	GlobalSection(SolutionConfigurationPlatforms) = preSolution
		Debug|Any CPU = Debug|Any CPU
		Release|Any CPU = Release|Any CPU
	EndGlobalSection
	GlobalSection(ProjectConfigurationPlatforms) = postSolution
		{A474C59A-60ED-4461-898E-2BB5CA6B3B1C}.Debug|Any CPU.ActiveCfg = Debug|Any CPU
		{A474C59A-60ED-4461-898E-2BB5CA6B3B1C}.Debug|Any CPU.Build.0 = Debug|Any CPU
		{A474C59A-60ED-4461-898E-2BB5CA6B3B1C}.Release|Any CPU.ActiveCfg = Release|Any CPU
		{A474C59A-60ED-4461-898E-2BB5CA6B3B1C}.Release|Any CPU.Build.0 = Release|Any CPU
	EndGlobalSection
	GlobalSection(SolutionProperties) = preSolution
		HideSolutionNode = FALSE
	EndGlobalSection
	GlobalSection(ExtensibilityGlobals) = postSolution
		SolutionGuid = {0B13655E-E057-45B1-868B-7566D53A909B}
	EndGlobalSection
EndGlobal
